
Microsoft Visual Studio Solution File, Format Version 12.00
# Visual Studio Version 17
VisualStudioVersion = 17.14.36511.14 d17.14
MinimumVisualStudioVersion = 10.0.40219.1
Project("{FAE04EC0-301F-11D3-BF4B-00C04F79EFBC}") = "Timetable-Generator-VS-MAUI", "Timetable-Generator-VS-MAUI\Timetable-Generator-VS-MAUI.csproj", "{6DC11421-37A8-47B0-BD6A-FB492381BDA5}"
EndProject
Global
	GlobalSection(SolutionConfigurationPlatforms) = preSolution
		Debug|Any CPU = Debug|Any CPU
		Release|Any CPU = Release|Any CPU
	EndGlobalSection
	GlobalSection(ProjectConfigurationPlatforms) = postSolution
		{6DC11421-37A8-47B0-BD6A-FB492381BDA5}.Debug|Any CPU.ActiveCfg = Debug|Any CPU
		{6DC11421-37A8-47B0-BD6A-FB492381BDA5}.Debug|Any CPU.Build.0 = Debug|Any CPU
		{6DC11421-37A8-47B0-BD6A-FB492381BDA5}.Release|Any CPU.ActiveCfg = Release|Any CPU
		{6DC11421-37A8-47B0-BD6A-FB492381BDA5}.Release|Any CPU.Build.0 = Release|Any CPU
	EndGlobalSection
	GlobalSection(SolutionProperties) = preSolution
		HideSolutionNode = FALSE
	EndGlobalSection
	GlobalSection(ExtensibilityGlobals) = postSolution
		SolutionGuid = {57B1270C-C0B5-4993-BF28-6CBD74C4C63A}
	EndGlobalSection
EndGlobal
